{
    "_readme": [
        "This file locks the dependencies of your project to a known state",
        "Read more about it at https://getcomposer.org/doc/01-basic-usage.md#composer-lock-the-lock-file",
        "This file is @generated automatically"
    ],
    "content-hash": "27354a2485bc37c55d437bea6b00c839",
    "packages": [
        {
            "name": "finwo/cache",
            "version": "v0.4.1",
            "source": {
                "type": "git",
                "url": "https://github.com/finwo/php-cache.git",
                "reference": "53a60fd4705216e13716a43b76de333bb1254488"
            },
            "dist": {
                "type": "zip",
                "url": "https://api.github.com/repos/finwo/php-cache/zipball/53a60fd4705216e13716a43b76de333bb1254488",
                "reference": "53a60fd4705216e13716a43b76de333bb1254488",
                "shasum": ""
            },
            "require": {
                "php": ">=5.3"
            },
            "require-dev": {
                "phpunit/phpunit": "*"
            },
            "type": "library",
            "autoload": {
                "psr-4": {
                    "Finwo\\Cache\\": "src"
                }
            },
            "notification-url": "https://packagist.org/downloads/",
            "authors": [
                {
                    "name": "Robin Bron",
                    "email": "robin@finwo.nl"
                }
            ],
            "time": "2017-01-23T13:23:13+00:00"
        },
        {
            "name": "finwo/filelock",
            "version": "v0.0.2",
            "source": {
                "type": "git",
                "url": "https://github.com/finwo/php-filelock.git",
                "reference": "4b1e97b47b97c342dc9435f8e648eb3fa8bdb0bf"
            },
            "dist": {
                "type": "zip",
                "url": "https://api.github.com/repos/finwo/php-filelock/zipball/4b1e97b47b97c342dc9435f8e648eb3fa8bdb0bf",
                "reference": "4b1e97b47b97c342dc9435f8e648eb3fa8bdb0bf",
                "shasum": ""
            },
            "require": {
                "php": ">=5.3"
            },
            "type": "library",
            "autoload": {
                "psr-4": {
                    "Finwo\\FileLock\\": "src"
                }
            },
            "notification-url": "https://packagist.org/downloads/",
            "authors": [
                {
                    "name": "Robin Bron",
                    "email": "robin@finwo.nl"
                }
            ],
            "time": "2017-01-23T12:32:00+00:00"
        },
        {
            "name": "netresearch/jsonmapper",
            "version": "v0.10.0",
            "source": {
                "type": "git",
                "url": "https://github.com/cweiske/jsonmapper.git",
                "reference": "a58388bdda93424363de20bc20fe0e349ec735ee"
            },
            "dist": {
                "type": "zip",
                "url": "https://api.github.com/repos/cweiske/jsonmapper/zipball/a58388bdda93424363de20bc20fe0e349ec735ee",
                "reference": "a58388bdda93424363de20bc20fe0e349ec735ee",
                "shasum": ""
            },
            "require-dev": {
                "phpunit/phpunit": "4.2.*",
                "squizlabs/php_codesniffer": "~1.5"
            },
            "type": "library",
            "autoload": {
                "psr-0": {
                    "": "src/"
                }
            },
            "notification-url": "https://packagist.org/downloads/",
            "license": [
                "OSL-3.0"
            ],
            "authors": [
                {
                    "name": "Christian Weiske",
                    "email": "christian.weiske@netresearch.de",
                    "homepage": "http://www.netresearch.de/",
                    "role": "Developer"
                }
            ],
            "description": "Map nested JSON structures onto PHP classes",
            "time": "2015-09-24T12:43:26+00:00"
        }
    ],
    "packages-dev": [],
    "aliases": [],
    "minimum-stability": "stable",
    "stability-flags": [],
    "prefer-stable": false,
    "prefer-lowest": false,
    "platform": {
        "php": ">=5.3"
    },
    "platform-dev": []
}
